
Microsoft Visual Studio Solution File, Format Version 12.00
# Visual Studio Version 16
VisualStudioVersion = 16.0.29306.81
MinimumVisualStudioVersion = 10.0.40219.1
Project("{FAE04EC0-301F-11D3-BF4B-00C04F79EFBC}") = "Farmdustry.Server", "Farmdustry.Server\Farmdustry.Server.csproj", "{08246683-DF64-408E-8F29-39D9F042BC5C}"
EndProject
Project("{FAE04EC0-301F-11D3-BF4B-00C04F79EFBC}") = "Farmdustry", "Farmdustry\Farmdustry.csproj", "{2BFD84EC-4E0D-486C-AFA2-D7D1BCD8CFB0}"
EndProject
Project("{FAE04EC0-301F-11D3-BF4B-00C04F79EFBC}") = "Farmdustry.Client", "Farmdustry.Client\Farmdustry.Client.csproj", "{C1DFAA3F-9F09-4E54-AFF8-C73A84DBACA8}"
EndProject
Project("{FAE04EC0-301F-11D3-BF4B-00C04F79EFBC}") = "Farmdustry.Network", "Farmdustry.Network\Farmdustry.Network.csproj", "{2658AEE2-D456-44A8-9BD5-6C4348C29F41}"
EndProject
Project("{FAE04EC0-301F-11D3-BF4B-00C04F79EFBC}") = "Farmdustry.Helper", "Farmdustry.Helper\Farmdustry.Helper.csproj", "{BCED8176-F79F-4CAD-A3C6-C9BD362E8C50}"
EndProject
Project("{FAE04EC0-301F-11D3-BF4B-00C04F79EFBC}") = "Engine", "Engine\Engine.csproj", "{9A074471-45DB-43EB-9B32-1A8D34F7C472}"
EndProject
Global
	GlobalSection(SolutionConfigurationPlatforms) = preSolution
		Debug|x64 = Debug|x64
		Release|x64 = Release|x64
	EndGlobalSection
	GlobalSection(ProjectConfigurationPlatforms) = postSolution
		{08246683-DF64-408E-8F29-39D9F042BC5C}.Debug|x64.ActiveCfg = Debug|x64
		{08246683-DF64-408E-8F29-39D9F042BC5C}.Debug|x64.Build.0 = Debug|x64
		{08246683-DF64-408E-8F29-39D9F042BC5C}.Release|x64.ActiveCfg = Release|x64
		{08246683-DF64-408E-8F29-39D9F042BC5C}.Release|x64.Build.0 = Release|x64
		{2BFD84EC-4E0D-486C-AFA2-D7D1BCD8CFB0}.Debug|x64.ActiveCfg = Debug|x64
		{2BFD84EC-4E0D-486C-AFA2-D7D1BCD8CFB0}.Debug|x64.Build.0 = Debug|x64
		{2BFD84EC-4E0D-486C-AFA2-D7D1BCD8CFB0}.Release|x64.ActiveCfg = Release|x64
		{2BFD84EC-4E0D-486C-AFA2-D7D1BCD8CFB0}.Release|x64.Build.0 = Release|x64
		{C1DFAA3F-9F09-4E54-AFF8-C73A84DBACA8}.Debug|x64.ActiveCfg = Debug|x64
		{C1DFAA3F-9F09-4E54-AFF8-C73A84DBACA8}.Debug|x64.Build.0 = Debug|x64
		{C1DFAA3F-9F09-4E54-AFF8-C73A84DBACA8}.Release|x64.ActiveCfg = Release|x64
		{C1DFAA3F-9F09-4E54-AFF8-C73A84DBACA8}.Release|x64.Build.0 = Release|x64
		{2658AEE2-D456-44A8-9BD5-6C4348C29F41}.Debug|x64.ActiveCfg = Debug|x64
		{2658AEE2-D456-44A8-9BD5-6C4348C29F41}.Debug|x64.Build.0 = Debug|x64
		{2658AEE2-D456-44A8-9BD5-6C4348C29F41}.Release|x64.ActiveCfg = Release|x64
		{2658AEE2-D456-44A8-9BD5-6C4348C29F41}.Release|x64.Build.0 = Release|x64
		{BCED8176-F79F-4CAD-A3C6-C9BD362E8C50}.Debug|x64.ActiveCfg = Debug|x64
		{BCED8176-F79F-4CAD-A3C6-C9BD362E8C50}.Debug|x64.Build.0 = Debug|x64
		{BCED8176-F79F-4CAD-A3C6-C9BD362E8C50}.Release|x64.ActiveCfg = Release|x64
		{BCED8176-F79F-4CAD-A3C6-C9BD362E8C50}.Release|x64.Build.0 = Release|x64
		{9A074471-45DB-43EB-9B32-1A8D34F7C472}.Debug|x64.ActiveCfg = Debug|x64
		{9A074471-45DB-43EB-9B32-1A8D34F7C472}.Debug|x64.Build.0 = Debug|x64
		{9A074471-45DB-43EB-9B32-1A8D34F7C472}.Release|x64.ActiveCfg = Release|x64
		{9A074471-45DB-43EB-9B32-1A8D34F7C472}.Release|x64.Build.0 = Release|x64
	EndGlobalSection
	GlobalSection(SolutionProperties) = preSolution
		HideSolutionNode = FALSE
	EndGlobalSection
	GlobalSection(ExtensibilityGlobals) = postSolution
		SolutionGuid = {013AED29-47EC-43B5-933D-E0181D43EB1E}
	EndGlobalSection
EndGlobal
